
Microsoft Visual Studio Solution File, Format Version 12.00
# Visual Studio Version 17
VisualStudioVersion = 17.14.36408.4 d17.14
MinimumVisualStudioVersion = 10.0.40219.1
Project("{FAE04EC0-301F-11D3-BF4B-00C04F79EFBC}") = "geophone-plus-2-dot-net", "geophone-plus-2-dot-net\geophone-plus-2-dot-net.csproj", "{613CE91C-F1DA-43D3-9AC8-2EDF9F049B6E}"
EndProject
Project("{FAE04EC0-301F-11D3-BF4B-00C04F79EFBC}") = "geophone-plus-2-dot-net-examples", "geophone-plus-2-dot-net-examples\geophone-plus-2-dot-net-examples.csproj", "{7E982B26-DE69-4488-889B-7ACD8429A51C}"
EndProject
Project("{54A90642-561A-4BB1-A94E-469ADEE60C69}") = "geophone-plus-2-nodejs", "geophone-plus-2-nodejs\geophone-plus-2-nodejs.esproj", "{2CD23587-A7D7-6A73-7EB3-164FC7533046}"
EndProject
Project("{54A90642-561A-4BB1-A94E-469ADEE60C69}") = "geophone-plus-2-nodejs-examples", "geophone-plus-2-nodejs-examples\geophone-plus-2-nodejs-examples.esproj", "{08BD8B2B-273D-4BF8-800F-F8A5A7571E2E}"
EndProject
Project("{888888A0-9F3D-457C-B088-3A5042F75D52}") = "geophone-plus-2-python", "geophone-plus-2-python\geophone-plus-2-python.pyproj", "{3CC94E7C-4137-486C-B479-9DF1140259AD}"
EndProject
Project("{888888A0-9F3D-457C-B088-3A5042F75D52}") = "geophone-plus-2-python-examples", "geophone-plus-2-python-examples\geophone-plus-2-python-examples.pyproj", "{8DC5B581-7ADF-42D5-9D58-9499807114F8}"
EndProject
Global
	GlobalSection(SolutionConfigurationPlatforms) = preSolution
		Debug|Any CPU = Debug|Any CPU
		Release|Any CPU = Release|Any CPU
	EndGlobalSection
	GlobalSection(ProjectConfigurationPlatforms) = postSolution
		{613CE91C-F1DA-43D3-9AC8-2EDF9F049B6E}.Debug|Any CPU.ActiveCfg = Debug|Any CPU
		{613CE91C-F1DA-43D3-9AC8-2EDF9F049B6E}.Debug|Any CPU.Build.0 = Debug|Any CPU
		{613CE91C-F1DA-43D3-9AC8-2EDF9F049B6E}.Release|Any CPU.ActiveCfg = Release|Any CPU
		{613CE91C-F1DA-43D3-9AC8-2EDF9F049B6E}.Release|Any CPU.Build.0 = Release|Any CPU
		{7E982B26-DE69-4488-889B-7ACD8429A51C}.Debug|Any CPU.ActiveCfg = Debug|Any CPU
		{7E982B26-DE69-4488-889B-7ACD8429A51C}.Debug|Any CPU.Build.0 = Debug|Any CPU
		{7E982B26-DE69-4488-889B-7ACD8429A51C}.Release|Any CPU.ActiveCfg = Release|Any CPU
		{7E982B26-DE69-4488-889B-7ACD8429A51C}.Release|Any CPU.Build.0 = Release|Any CPU
		{2CD23587-A7D7-6A73-7EB3-164FC7533046}.Debug|Any CPU.ActiveCfg = Debug|Any CPU
		{2CD23587-A7D7-6A73-7EB3-164FC7533046}.Debug|Any CPU.Build.0 = Debug|Any CPU
		{2CD23587-A7D7-6A73-7EB3-164FC7533046}.Debug|Any CPU.Deploy.0 = Debug|Any CPU
		{2CD23587-A7D7-6A73-7EB3-164FC7533046}.Release|Any CPU.ActiveCfg = Release|Any CPU
		{2CD23587-A7D7-6A73-7EB3-164FC7533046}.Release|Any CPU.Build.0 = Release|Any CPU
		{2CD23587-A7D7-6A73-7EB3-164FC7533046}.Release|Any CPU.Deploy.0 = Release|Any CPU
		{08BD8B2B-273D-4BF8-800F-F8A5A7571E2E}.Debug|Any CPU.ActiveCfg = Debug|Any CPU
		{08BD8B2B-273D-4BF8-800F-F8A5A7571E2E}.Debug|Any CPU.Build.0 = Debug|Any CPU
		{08BD8B2B-273D-4BF8-800F-F8A5A7571E2E}.Debug|Any CPU.Deploy.0 = Debug|Any CPU
		{08BD8B2B-273D-4BF8-800F-F8A5A7571E2E}.Release|Any CPU.ActiveCfg = Release|Any CPU
		{08BD8B2B-273D-4BF8-800F-F8A5A7571E2E}.Release|Any CPU.Build.0 = Release|Any CPU
		{08BD8B2B-273D-4BF8-800F-F8A5A7571E2E}.Release|Any CPU.Deploy.0 = Release|Any CPU
		{3CC94E7C-4137-486C-B479-9DF1140259AD}.Debug|Any CPU.ActiveCfg = Debug|Any CPU
		{3CC94E7C-4137-486C-B479-9DF1140259AD}.Release|Any CPU.ActiveCfg = Release|Any CPU
		{8DC5B581-7ADF-42D5-9D58-9499807114F8}.Debug|Any CPU.ActiveCfg = Debug|Any CPU
		{8DC5B581-7ADF-42D5-9D58-9499807114F8}.Release|Any CPU.ActiveCfg = Release|Any CPU
	EndGlobalSection
	GlobalSection(SolutionProperties) = preSolution
		HideSolutionNode = FALSE
	EndGlobalSection
	GlobalSection(ExtensibilityGlobals) = postSolution
		SolutionGuid = {1B7475AB-3C9B-4B10-BE35-7926E3DAB53D}
	EndGlobalSection
EndGlobal
